Microsoft Visual Studio Solution File, Format Version 12.00
# Visual Studio Version 16
VisualStudioVersion = 16.0.0.0
MinimumVisualStudioVersion = 16.0.0.0
Project("{9A19103F-16F7-4668-BE54-9A1E7A4F7556}") = "NotaFiscalPoc.Server", "Server\NotaFiscalPoc.Server.csproj", "{58A0D0FB-114C-47D3-8ED0-BAB72E5F3608}"
EndProject
Project("{9A19103F-16F7-4668-BE54-9A1E7A4F7556}") = "NotaFiscalPoc.Client", "Client\NotaFiscalPoc.Client.csproj", "{FAC3E3A9-F16C-40C1-87EF-FA3E5D9B925E}"
EndProject
Project("{9A19103F-16F7-4668-BE54-9A1E7A4F7556}") = "NotaFiscalPoc.Shared", "Shared\NotaFiscalPoc.Shared.csproj", "{E66DF94C-89FD-4935-9753-7AB3FF657336}"
EndProject
Global
	GlobalSection(SolutionConfigurationPlatforms) = preSolution
		Debug|Any CPU = Debug|Any CPU
		Debug|x64 = Debug|x64
		Debug|x86 = Debug|x86
		Release|Any CPU = Release|Any CPU
		Release|x64 = Release|x64
		Release|x86 = Release|x86
	EndGlobalSection
	GlobalSection(ProjectConfigurationPlatforms) = postSolution
		{58A0D0FB-114C-47D3-8ED0-BAB72E5F3608}.Debug|Any CPU.ActiveCfg = Debug|Any CPU
		{58A0D0FB-114C-47D3-8ED0-BAB72E5F3608}.Debug|Any CPU.Build.0 = Debug|Any CPU
		{58A0D0FB-114C-47D3-8ED0-BAB72E5F3608}.Debug|x64.ActiveCfg = Debug|Any CPU
		{58A0D0FB-114C-47D3-8ED0-BAB72E5F3608}.Debug|x64.Build.0 = Debug|Any CPU
		{58A0D0FB-114C-47D3-8ED0-BAB72E5F3608}.Debug|x86.ActiveCfg = Debug|Any CPU
		{58A0D0FB-114C-47D3-8ED0-BAB72E5F3608}.Debug|x86.Build.0 = Debug|Any CPU
		{58A0D0FB-114C-47D3-8ED0-BAB72E5F3608}.Release|Any CPU.ActiveCfg = Release|Any CPU
		{58A0D0FB-114C-47D3-8ED0-BAB72E5F3608}.Release|Any CPU.Build.0 = Release|Any CPU
		{58A0D0FB-114C-47D3-8ED0-BAB72E5F3608}.Release|x64.ActiveCfg = Release|Any CPU
		{58A0D0FB-114C-47D3-8ED0-BAB72E5F3608}.Release|x64.Build.0 = Release|Any CPU
		{58A0D0FB-114C-47D3-8ED0-BAB72E5F3608}.Release|x86.ActiveCfg = Release|Any CPU
		{58A0D0FB-114C-47D3-8ED0-BAB72E5F3608}.Release|x86.Build.0 = Release|Any CPU
		{FAC3E3A9-F16C-40C1-87EF-FA3E5D9B925E}.Debug|Any CPU.ActiveCfg = Debug|Any CPU
		{FAC3E3A9-F16C-40C1-87EF-FA3E5D9B925E}.Debug|Any CPU.Build.0 = Debug|Any CPU
		{FAC3E3A9-F16C-40C1-87EF-FA3E5D9B925E}.Debug|x64.ActiveCfg = Debug|Any CPU
		{FAC3E3A9-F16C-40C1-87EF-FA3E5D9B925E}.Debug|x64.Build.0 = Debug|Any CPU
		{FAC3E3A9-F16C-40C1-87EF-FA3E5D9B925E}.Debug|x86.ActiveCfg = Debug|Any CPU
		{FAC3E3A9-F16C-40C1-87EF-FA3E5D9B925E}.Debug|x86.Build.0 = Debug|Any CPU
		{FAC3E3A9-F16C-40C1-87EF-FA3E5D9B925E}.Release|Any CPU.ActiveCfg = Release|Any CPU
		{FAC3E3A9-F16C-40C1-87EF-FA3E5D9B925E}.Release|Any CPU.Build.0 = Release|Any CPU
		{FAC3E3A9-F16C-40C1-87EF-FA3E5D9B925E}.Release|x64.ActiveCfg = Release|Any CPU
		{FAC3E3A9-F16C-40C1-87EF-FA3E5D9B925E}.Release|x64.Build.0 = Release|Any CPU
		{FAC3E3A9-F16C-40C1-87EF-FA3E5D9B925E}.Release|x86.ActiveCfg = Release|Any CPU
		{FAC3E3A9-F16C-40C1-87EF-FA3E5D9B925E}.Release|x86.Build.0 = Release|Any CPU
		{E66DF94C-89FD-4935-9753-7AB3FF657336}.Debug|Any CPU.ActiveCfg = Debug|Any CPU
		{E66DF94C-89FD-4935-9753-7AB3FF657336}.Debug|Any CPU.Build.0 = Debug|Any CPU
		{E66DF94C-89FD-4935-9753-7AB3FF657336}.Debug|x64.ActiveCfg = Debug|Any CPU
		{E66DF94C-89FD-4935-9753-7AB3FF657336}.Debug|x64.Build.0 = Debug|Any CPU
		{E66DF94C-89FD-4935-9753-7AB3FF657336}.Debug|x86.ActiveCfg = Debug|Any CPU
		{E66DF94C-89FD-4935-9753-7AB3FF657336}.Debug|x86.Build.0 = Debug|Any CPU
		{E66DF94C-89FD-4935-9753-7AB3FF657336}.Release|Any CPU.ActiveCfg = Release|Any CPU
		{E66DF94C-89FD-4935-9753-7AB3FF657336}.Release|Any CPU.Build.0 = Release|Any CPU
		{E66DF94C-89FD-4935-9753-7AB3FF657336}.Release|x64.ActiveCfg = Release|Any CPU
		{E66DF94C-89FD-4935-9753-7AB3FF657336}.Release|x64.Build.0 = Release|Any CPU
		{E66DF94C-89FD-4935-9753-7AB3FF657336}.Release|x86.ActiveCfg = Release|Any CPU
		{E66DF94C-89FD-4935-9753-7AB3FF657336}.Release|x86.Build.0 = Release|Any CPU
	EndGlobalSection
	GlobalSection(SolutionProperties) = preSolution
		HideSolutionNode = FALSE
	EndGlobalSection
	GlobalSection(ExtensibilityGlobals) = postSolution
		SolutionGuid = {FDE6EB61-2B72-424D-9D44-4FDF6620E8E1}
	EndGlobalSection
EndGlobal
